<?xml version="1.0" encoding="utf-8"?>
<Project ToolsVersion="4.0" xmlns="http://schemas.microsoft.com/developer/msbuild/2003">
  <ItemGroup>
    <Filter Include="Archivos de código fuente">
      <UniqueIdentifier>{4FC737F1-C7A5-4376-A066-2A32D752A2FF}</UniqueIdentifier>
      <Extensions>cpp;c;cc;cxx;def;odl;idl;hpj;bat;asm;asmx</Extensions>
    </Filter>
    <Filter Include="Archivos de encabezado">
      <UniqueIdentifier>{93995380-89BD-4b04-88EB-625FBE52EBFB}</UniqueIdentifier>
      <Extensions>h;hh;hpp;hxx;hm;inl;inc;xsd</Extensions>
    </Filter>
    <Filter Include="Archivos de recursos">
      <UniqueIdentifier>{67DA6AB6-F800-4c08-8B7A-83BB121AAD01}</UniqueIdentifier>
      <Extensions>rc;ico;cur;bmp;dlg;rc2;rct;bin;rgs;gif;jpg;jpeg;jpe;resx;tiff;tif;png;wav;mfcribbon-ms</Extensions>
    </Filter>
    <Filter Include="Archivos de código fuente\ServerEngine">
      <UniqueIdentifier>{bce90594-7351-4eb1-b3d2-dc8f2470a5b3}</UniqueIdentifier>
    </Filter>
    <Filter Include="Archivos de código fuente\Network">
      <UniqueIdentifier>{5bd411f1-5744-4281-89df-d31d6df4d9bb}</UniqueIdentifier>
    </Filter>
    <Filter Include="Archivos de código fuente\Model">
      <UniqueIdentifier>{39e4e09b-dce8-4c15-b25e-13698553fac2}</UniqueIdentifier>
    </Filter>
    <Filter Include="Archivos de código fuente\Model\Scenario">
      <UniqueIdentifier>{94760091-6fda-476c-8f05-d4957c925489}</UniqueIdentifier>
    </Filter>
  </ItemGroup>
  <ItemGroup>
    <ClCompile Include="main.cpp">
      <Filter>Archivos de código fuente</Filter>
    </ClCompile>
    <ClCompile Include="ServerEngine\ServerEngine.cpp">
      <Filter>Archivos de código fuente\ServerEngine</Filter>
    </ClCompile>
    <ClCompile Include="Network\NetworkManagerServer.cpp">
      <Filter>Archivos de código fuente\Network</Filter>
    </ClCompile>
    <ClCompile Include="Network\ClientProxy.cpp">
      <Filter>Archivos de código fuente\Network</Filter>
    </ClCompile>
    <ClCompile Include="Model\Scenario\TilemapServer.cpp">
      <Filter>Archivos de código fuente\Model\Scenario</Filter>
    </ClCompile>
  </ItemGroup>
  <ItemGroup>
    <ClInclude Include="ServerEngine\ServerEngine.h">
      <Filter>Archivos de código fuente\ServerEngine</Filter>
    </ClInclude>
    <ClInclude Include="ServerLogger.h">
      <Filter>Archivos de código fuente\ServerEngine</Filter>
    </ClInclude>
    <ClInclude Include="Network\NetworkManagerServer.h">
      <Filter>Archivos de código fuente\Network</Filter>
    </ClInclude>
    <ClInclude Include="Network\ClientProxy.h">
      <Filter>Archivos de código fuente\Network</Filter>
    </ClInclude>
    <ClInclude Include="Model\Scenario\TilemapServer.h">
      <Filter>Archivos de código fuente\Model\Scenario</Filter>
    </ClInclude>
  </ItemGroup>
</Project>